// !$*UTF8*$!
{
	archiveVersion = 1;
	classes = {
	};
	objectVersion = 46;
	objects = {

/* Begin PBXBuildFile section */
		1A13FEA5194E113A00CCBB4A /* Foundation.framework in Frameworks */ = {isa = PBXBuildFile; fileRef = 1A13FEA4194E113A00CCBB4A /* Foundation.framework */; };
		1A13FEA7194E113A00CCBB4A /* CoreGraphics.framework in Frameworks */ = {isa = PBXBuildFile; fileRef = 1A13FEA6194E113A00CCBB4A /* CoreGraphics.framework */; };
		1A13FEA9194E113A00CCBB4A /* UIKit.framework in Frameworks */ = {isa = PBXBuildFile; fileRef = 1A13FEA8194E113A00CCBB4A /* UIKit.framework */; };
		1A13FEAF194E113A00CCBB4A /* InfoPlist.strings in Resources */ = {isa = PBXBuildFile; fileRef = 1A13FEAD194E113A00CCBB4A /* InfoPlist.strings */; };
		1A13FEB1194E113A00CCBB4A /* main.m in Sources */ = {isa = PBXBuildFile; fileRef = 1A13FEB0194E113A00CCBB4A /* main.m */; };
		1A13FEB5194E113A00CCBB4A /* AppDelegate.m in Sources */ = {isa = PBXBuildFile; fileRef = 1A13FEB4194E113A00CCBB4A /* AppDelegate.m */; };
		1A13FEB8194E113A00CCBB4A /* Main_iPhone.storyboard in Resources */ = {isa = PBXBuildFile; fileRef = 1A13FEB6194E113A00CCBB4A /* Main_iPhone.storyboard */; };
		1A13FEBB194E113A00CCBB4A /* Main_iPad.storyboard in Resources */ = {isa = PBXBuildFile; fileRef = 1A13FEB9194E113A00CCBB4A /* Main_iPad.storyboard */; };
		1A13FEBE194E113A00CCBB4A /* ViewController.m in Sources */ = {isa = PBXBuildFile; fileRef = 1A13FEBD194E113A00CCBB4A /* ViewController.m */; };
		1A13FEC0194E113A00CCBB4A /* Images.xcassets in Resources */ = {isa = PBXBuildFile; fileRef = 1A13FEBF194E113A00CCBB4A /* Images.xcassets */; };
		1A13FEC7194E113A00CCBB4A /* XCTest.framework in Frameworks */ = {isa = PBXBuildFile; fileRef = 1A13FEC6194E113A00CCBB4A /* XCTest.framework */; };
		1A13FEC8194E113A00CCBB4A /* Foundation.framework in Frameworks */ = {isa = PBXBuildFile; fileRef = 1A13FEA4194E113A00CCBB4A /* Foundation.framework */; };
		1A13FEC9194E113A00CCBB4A /* UIKit.framework in Frameworks */ = {isa = PBXBuildFile; fileRef = 1A13FEA8194E113A00CCBB4A /* UIKit.framework */; };
		1A13FED1194E113A00CCBB4A /* InfoPlist.strings in Resources */ = {isa = PBXBuildFile; fileRef = 1A13FECF194E113A00CCBB4A /* InfoPlist.strings */; };
		1A13FED3194E113A00CCBB4A /* xibSampleTests.m in Sources */ = {isa = PBXBuildFile; fileRef = 1A13FED2194E113A00CCBB4A /* xibSampleTests.m */; };
		1A13FEDE194E12E800CCBB4A /* PickerController.m in Sources */ = {isa = PBXBuildFile; fileRef = 1A13FEDD194E12E800CCBB4A /* PickerController.m */; };
		1A13FEE0194E17FB00CCBB4A /* PickerController.xib in Resources */ = {isa = PBXBuildFile; fileRef = 1A13FEDF194E17FB00CCBB4A /* PickerController.xib */; };
/* End PBXBuildFile section */

/* Begin PBXContainerItemProxy section */
		1A13FECA194E113A00CCBB4A /* PBXContainerItemProxy */ = {
			isa = PBXContainerItemProxy;
			containerPortal = 1A13FE99194E113A00CCBB4A /* Project object */;
			proxyType = 1;
			remoteGlobalIDString = 1A13FEA0194E113A00CCBB4A;
			remoteInfo = xibSample;
		};
/* End PBXContainerItemProxy section */

/* Begin PBXFileReference section */
		1A13FEA1194E113A00CCBB4A /* xibSample.app */ = {isa = PBXFileReference; explicitFileType = wrapper.application; includeInIndex = 0; path = xibSample.app; sourceTree = BUILT_PRODUCTS_DIR; };
		1A13FEA4194E113A00CCBB4A /* Foundation.framework */ = {isa = PBXFileReference; lastKnownFileType = wrapper.framework; name = Foundation.framework; path = System/Library/Frameworks/Foundation.framework; sourceTree = SDKROOT; };
		1A13FEA6194E113A00CCBB4A /* CoreGraphics.framework */ = {isa = PBXFileReference; lastKnownFileType = wrapper.framework; name = CoreGraphics.framework; path = System/Library/Frameworks/CoreGraphics.framework; sourceTree = SDKROOT; };
		1A13FEA8194E113A00CCBB4A /* UIKit.framework */ = {isa = PBXFileReference; lastKnownFileType = wrapper.framework; name = UIKit.framework; path = System/Library/Frameworks/UIKit.framework; sourceTree = SDKROOT; };
		1A13FEAC194E113A00CCBB4A /* xibSample-Info.plist */ = {isa = PBXFileReference; lastKnownFileType = text.plist.xml; path = "xibSample-Info.plist"; sourceTree = "<group>"; };
		1A13FEAE194E113A00CCBB4A /* en */ = {isa = PBXFileReference; lastKnownFileType = text.plist.strings; name = en; path = en.lproj/InfoPlist.strings; sourceTree = "<group>"; };
		1A13FEB0194E113A00CCBB4A /* main.m */ = {isa = PBXFileReference; lastKnownFileType = sourcecode.c.objc; path = main.m; sourceTree = "<group>"; };
		1A13FEB2194E113A00CCBB4A /* xibSample-Prefix.pch */ = {isa = PBXFileReference; lastKnownFileType = sourcecode.c.h; path = "xibSample-Prefix.pch"; sourceTree = "<group>"; };
		1A13FEB3194E113A00CCBB4A /* AppDelegate.h */ = {isa = PBXFileReference; lastKnownFileType = sourcecode.c.h; path = AppDelegate.h; sourceTree = "<group>"; };
		1A13FEB4194E113A00CCBB4A /* AppDelegate.m */ = {isa = PBXFileReference; lastKnownFileType = sourcecode.c.objc; path = AppDelegate.m; sourceTree = "<group>"; };
		1A13FEB7194E113A00CCBB4A /* Base */ = {isa = PBXFileReference; lastKnownFileType = file.storyboard; name = Base; path = Base.lproj/Main_iPhone.storyboard; sourceTree = "<group>"; };
		1A13FEBA194E113A00CCBB4A /* Base */ = {isa = PBXFileReference; lastKnownFileType = file.storyboard; name = Base; path = Base.lproj/Main_iPad.storyboard; sourceTree = "<group>"; };
		1A13FEBC194E113A00CCBB4A /* ViewController.h */ = {isa = PBXFileReference; lastKnownFileType = sourcecode.c.h; path = ViewController.h; sourceTree = "<group>"; };
		1A13FEBD194E113A00CCBB4A /* ViewController.m */ = {isa = PBXFileReference; lastKnownFileType = sourcecode.c.objc; path = ViewController.m; sourceTree = "<group>"; };
		1A13FEBF194E113A00CCBB4A /* Images.xcassets */ = {isa = PBXFileReference; lastKnownFileType = folder.assetcatalog; path = Images.xcassets; sourceTree = "<group>"; };
		1A13FEC5194E113A00CCBB4A /* xibSampleTests.xctest */ = {isa = PBXFileReference; explicitFileType = wrapper.cfbundle; includeInIndex = 0; path = xibSampleTests.xctest; sourceTree = BUILT_PRODUCTS_DIR; };
		1A13FEC6194E113A00CCBB4A /* XCTest.framework */ = {isa = PBXFileReference; lastKnownFileType = wrapper.framework; name = XCTest.framework; path = Library/Frameworks/XCTest.framework; sourceTree = DEVELOPER_DIR; };
		1A13FECE194E113A00CCBB4A /* xibSampleTests-Info.plist */ = {isa = PBXFileReference; lastKnownFileType = text.plist.xml; path = "xibSampleTests-Info.plist"; sourceTree = "<group>"; };
		1A13FED0194E113A00CCBB4A /* en */ = {isa = PBXFileReference; lastKnownFileType = text.plist.strings; name = en; path = en.lproj/InfoPlist.strings; sourceTree = "<group>"; };
		1A13FED2194E113A00CCBB4A /* xibSampleTests.m */ = {isa = PBXFileReference; lastKnownFileType = sourcecode.c.objc; path = xibSampleTests.m; sourceTree = "<group>"; };
		1A13FEDC194E12E800CCBB4A /* PickerController.h */ = {isa = PBXFileReference; fileEncoding = 4; lastKnownFileType = sourcecode.c.h; path = PickerController.h; sourceTree = "<group>"; };
		1A13FEDD194E12E800CCBB4A /* PickerController.m */ = {isa = PBXFileReference; fileEncoding = 4; lastKnownFileType = sourcecode.c.objc; path = PickerController.m; sourceTree = "<group>"; };
		1A13FEDF194E17FB00CCBB4A /* PickerController.xib */ = {isa = PBXFileReference; fileEncoding = 4; lastKnownFileType = file.xib; path = PickerController.xib; sourceTree = "<group>"; };
/* End PBXFileReference section */

/* Begin PBXFrameworksBuildPhase section */
		1A13FE9E194E113A00CCBB4A /* Frameworks */ = {
			isa = PBXFrameworksBuildPhase;
			buildActionMask = 2147483647;
			files = (
				1A13FEA7194E113A00CCBB4A /* CoreGraphics.framework in Frameworks */,
				1A13FEA9194E113A00CCBB4A /* UIKit.framework in Frameworks */,
				1A13FEA5194E113A00CCBB4A /* Foundation.framework in Frameworks */,
			);
			runOnlyForDeploymentPostprocessing = 0;
		};
		1A13FEC2194E113A00CCBB4A /* Frameworks */ = {
			isa = PBXFrameworksBuildPhase;
			buildActionMask = 2147483647;
			files = (
				1A13FEC7194E113A00CCBB4A /* XCTest.framework in Frameworks */,
				1A13FEC9194E113A00CCBB4A /* UIKit.framework in Frameworks */,
				1A13FEC8194E113A00CCBB4A /* Foundation.framework in Frameworks */,
			);
			runOnlyForDeploymentPostprocessing = 0;
		};
/* End PBXFrameworksBuildPhase section */

/* Begin PBXGroup section */
		1A13FE98194E113A00CCBB4A = {
			isa = PBXGroup;
			children = (
				1A13FEAA194E113A00CCBB4A /* xibSample */,
				1A13FECC194E113A00CCBB4A /* xibSampleTests */,
				1A13FEA3194E113A00CCBB4A /* Frameworks */,
				1A13FEA2194E113A00CCBB4A /* Products */,
			);
			sourceTree = "<group>";
		};
		1A13FEA2194E113A00CCBB4A /* Products */ = {
			isa = PBXGroup;
			children = (
				1A13FEA1194E113A00CCBB4A /* xibSample.app */,
				1A13FEC5194E113A00CCBB4A /* xibSampleTests.xctest */,
			);
			name = Products;
			sourceTree = "<group>";
		};
		1A13FEA3194E113A00CCBB4A /* Frameworks */ = {
			isa = PBXGroup;
			children = (
				1A13FEA4194E113A00CCBB4A /* Foundation.framework */,
				1A13FEA6194E113A00CCBB4A /* CoreGraphics.framework */,
				1A13FEA8194E113A00CCBB4A /* UIKit.framework */,
				1A13FEC6194E113A00CCBB4A /* XCTest.framework */,
			);
			name = Frameworks;
			sourceTree = "<group>";
		};
		1A13FEAA194E113A00CCBB4A /* xibSample */ = {
			isa = PBXGroup;
			children = (
				1A13FEB3194E113A00CCBB4A /* AppDelegate.h */,
				1A13FEB4194E113A00CCBB4A /* AppDelegate.m */,
				1A13FEB6194E113A00CCBB4A /* Main_iPhone.storyboard */,
				1A13FEB9194E113A00CCBB4A /* Main_iPad.storyboard */,
				1A13FEBC194E113A00CCBB4A /* ViewController.h */,
				1A13FEBD194E113A00CCBB4A /* ViewController.m */,
				1A13FEDF194E17FB00CCBB4A /* PickerController.xib */,
				1A13FEDC194E12E800CCBB4A /* PickerController.h */,
				1A13FEDD194E12E800CCBB4A /* PickerController.m */,
				1A13FEBF194E113A00CCBB4A /* Images.xcassets */,
				1A13FEAB194E113A00CCBB4A /* Supporting Files */,
			);
			path = xibSample;
			sourceTree = "<group>";
		};
		1A13FEAB194E113A00CCBB4A /* Supporting Files */ = {
			isa = PBXGroup;
			children = (
				1A13FEAC194E113A00CCBB4A /* xibSample-Info.plist */,
				1A13FEAD194E113A00CCBB4A /* InfoPlist.strings */,
				1A13FEB0194E113A00CCBB4A /* main.m */,
				1A13FEB2194E113A00CCBB4A /* xibSample-Prefix.pch */,
			);
			name = "Supporting Files";
			sourceTree = "<group>";
		};
		1A13FECC194E113A00CCBB4A /* xibSampleTests */ = {
			isa = PBXGroup;
			children = (
				1A13FED2194E113A00CCBB4A /* xibSampleTests.m */,
				1A13FECD194E113A00CCBB4A /* Supporting Files */,
			);
			path = xibSampleTests;
			sourceTree = "<group>";
		};
		1A13FECD194E113A00CCBB4A /* Supporting Files */ = {
			isa = PBXGroup;
			children = (
				1A13FECE194E113A00CCBB4A /* xibSampleTests-Info.plist */,
				1A13FECF194E113A00CCBB4A /* InfoPlist.strings */,
			);
			name = "Supporting Files";
			sourceTree = "<group>";
		};
/* End PBXGroup section */

/* Begin PBXNativeTarget section */
		1A13FEA0194E113A00CCBB4A /* xibSample */ = {
			isa = PBXNativeTarget;
			buildConfigurationList = 1A13FED6194E113A00CCBB4A /* Build configuration list for PBXNativeTarget "xibSample" */;
			buildPhases = (
				1A13FE9D194E113A00CCBB4A /* Sources */,
				1A13FE9E194E113A00CCBB4A /* Frameworks */,
				1A13FE9F194E113A00CCBB4A /* Resources */,
			);
			buildRules = (
			);
			dependencies = (
			);
			name = xibSample;
			productName = xibSample;
			productReference = 1A13FEA1194E113A00CCBB4A /* xibSample.app */;
			productType = "com.apple.product-type.application";
		};
		1A13FEC4194E113A00CCBB4A /* xibSampleTests */ = {
			isa = PBXNativeTarget;
			buildConfigurationList = 1A13FED9194E113A00CCBB4A /* Build configuration list for PBXNativeTarget "xibSampleTests" */;
			buildPhases = (
				1A13FEC1194E113A00CCBB4A /* Sources */,
				1A13FEC2194E113A00CCBB4A /* Frameworks */,
				1A13FEC3194E113A00CCBB4A /* Resources */,
			);
			buildRules = (
			);
			dependencies = (
				1A13FECB194E113A00CCBB4A /* PBXTargetDependency */,
			);
			name = xibSampleTests;
			productName = xibSampleTests;
			productReference = 1A13FEC5194E113A00CCBB4A /* xibSampleTests.xctest */;
			productType = "com.apple.product-type.bundle.unit-test";
		};
/* End PBXNativeTarget section */

/* Begin PBXProject section */
		1A13FE99194E113A00CCBB4A /* Project object */ = {
			isa = PBXProject;
			attributes = {
				LastUpgradeCheck = 0510;
				ORGANIZATIONNAME = "Asaf Fisher";
				TargetAttributes = {
					1A13FEC4194E113A00CCBB4A = {
						TestTargetID = 1A13FEA0194E113A00CCBB4A;
					};
				};
			};
			buildConfigurationList = 1A13FE9C194E113A00CCBB4A /* Build configuration list for PBXProject "xibSample" */;
			compatibilityVersion = "Xcode 3.2";
			developmentRegion = English;
			hasScannedForEncodings = 0;
			knownRegions = (
				en,
				Base,
			);
			mainGroup = 1A13FE98194E113A00CCBB4A;
			productRefGroup = 1A13FEA2194E113A00CCBB4A /* Products */;
			projectDirPath = "";
			projectRoot = "";
			targets = (
				1A13FEA0194E113A00CCBB4A /* xibSample */,
				1A13FEC4194E113A00CCBB4A /* xibSampleTests */,
			);
		};
/* End PBXProject section */

/* Begin PBXResourcesBuildPhase section */
		1A13FE9F194E113A00CCBB4A /* Resources */ = {
			isa = PBXResourcesBuildPhase;
			buildActionMask = 2147483647;
			files = (
				1A13FEBB194E113A00CCBB4A /* Main_iPad.storyboard in Resources */,
				1A13FEC0194E113A00CCBB4A /* Images.xcassets in Resources */,
				1A13FEE0194E17FB00CCBB4A /* PickerController.xib in Resources */,
				1A13FEB8194E113A00CCBB4A /* Main_iPhone.storyboard in Resources */,
				1A13FEAF194E113A00CCBB4A /* InfoPlist.strings in Resources */,
			);
			runOnlyForDeploymentPostprocessing = 0;
		};
		1A13FEC3194E113A00CCBB4A /* Resources */ = {
			isa = PBXResourcesBuildPhase;
			buildActionMask = 2147483647;
			files = (
				1A13FED1194E113A00CCBB4A /* InfoPlist.strings in Resources */,
			);
			runOnlyForDeploymentPostprocessing = 0;
		};
/* End PBXResourcesBuildPhase section */

/* Begin PBXSourcesBuildPhase section */
		1A13FE9D194E113A00CCBB4A /* Sources */ = {
			isa = PBXSourcesBuildPhase;
			buildActionMask = 2147483647;
			files = (
				1A13FEBE194E113A00CCBB4A /* ViewController.m in Sources */,
				1A13FEB5194E113A00CCBB4A /* AppDelegate.m in Sources */,
				1A13FEB1194E113A00CCBB4A /* main.m in Sources */,
				1A13FEDE194E12E800CCBB4A /* PickerController.m in Sources */,
			);
			runOnlyForDeploymentPostprocessing = 0;
		};
		1A13FEC1194E113A00CCBB4A /* Sources */ = {
			isa = PBXSourcesBuildPhase;
			buildActionMask = 2147483647;
			files = (
				1A13FED3194E113A00CCBB4A /* xibSampleTests.m in Sources */,
			);
			runOnlyForDeploymentPostprocessing = 0;
		};
/* End PBXSourcesBuildPhase section */

/* Begin PBXTargetDependency section */
		1A13FECB194E113A00CCBB4A /* PBXTargetDependency */ = {
			isa = PBXTargetDependency;
			target = 1A13FEA0194E113A00CCBB4A /* xibSample */;
			targetProxy = 1A13FECA194E113A00CCBB4A /* PBXContainerItemProxy */;
		};
/* End PBXTargetDependency section */

/* Begin PBXVariantGroup section */
		1A13FEAD194E113A00CCBB4A /* InfoPlist.strings */ = {
			isa = PBXVariantGroup;
			children = (
				1A13FEAE194E113A00CCBB4A /* en */,
			);
			name = InfoPlist.strings;
			sourceTree = "<group>";
		};
		1A13FEB6194E113A00CCBB4A /* Main_iPhone.storyboard */ = {
			isa = PBXVariantGroup;
			children = (
				1A13FEB7194E113A00CCBB4A /* Base */,
			);
			name = Main_iPhone.storyboard;
			sourceTree = "<group>";
		};
		1A13FEB9194E113A00CCBB4A /* Main_iPad.storyboard */ = {
			isa = PBXVariantGroup;
			children = (
				1A13FEBA194E113A00CCBB4A /* Base */,
			);
			name = Main_iPad.storyboard;
			sourceTree = "<group>";
		};
		1A13FECF194E113A00CCBB4A /* InfoPlist.strings */ = {
			isa = PBXVariantGroup;
			children = (
				1A13FED0194E113A00CCBB4A /* en */,
			);
			name = InfoPlist.strings;
			sourceTree = "<group>";
		};
/* End PBXVariantGroup section */

/* Begin XCBuildConfiguration section */
		1A13FED4194E113A00CCBB4A /* Debug */ = {
			isa = XCBuildConfiguration;
			buildSettings = {
				ALWAYS_SEARCH_USER_PATHS = NO;
				CLANG_CXX_LANGUAGE_STANDARD = "gnu++0x";
				CLANG_CXX_LIBRARY = "libc++";
				CLANG_ENABLE_MODULES = YES;
				CLANG_ENABLE_OBJC_ARC = YES;
				CLANG_WARN_BOOL_CONVERSION = YES;
				CLANG_WARN_CONSTANT_CONVERSION = YES;
				CLANG_WARN_DIRECT_OBJC_ISA_USAGE = YES_ERROR;
				CLANG_WARN_EMPTY_BODY = YES;
				CLANG_WARN_ENUM_CONVERSION = YES;
				CLANG_WARN_INT_CONVERSION = YES;
				CLANG_WARN_OBJC_ROOT_CLASS = YES_ERROR;
				CLANG_WARN__DUPLICATE_METHOD_MATCH = YES;
				"CODE_SIGN_IDENTITY[sdk=iphoneos*]" = "iPhone Developer";
				COPY_PHASE_STRIP = NO;
				GCC_C_LANGUAGE_STANDARD = gnu99;
				GCC_DYNAMIC_NO_PIC = NO;
				GCC_OPTIMIZATION_LEVEL = 0;
				GCC_PREPROCESSOR_DEFINITIONS = (
					"DEBUG=1",
					"$(inherited)",
				);
				GCC_SYMBOLS_PRIVATE_EXTERN = NO;
				GCC_WARN_64_TO_32_BIT_CONVERSION = YES;
				GCC_WARN_ABOUT_RETURN_TYPE = YES_ERROR;
				GCC_WARN_UNDECLARED_SELECTOR = YES;
				GCC_WARN_UNINITIALIZED_AUTOS = YES_AGGRESSIVE;
				GCC_WARN_UNUSED_FUNCTION = YES;
				GCC_WARN_UNUSED_VARIABLE = YES;
				IPHONEOS_DEPLOYMENT_TARGET = 7.1;
				ONLY_ACTIVE_ARCH = YES;
				SDKROOT = iphoneos;
				TARGETED_DEVICE_FAMILY = "1,2";
			};
			name = Debug;
		};
		1A13FED5194E113A00CCBB4A /* Release */ = {
			isa = XCBuildConfiguration;
			buildSettings = {
				ALWAYS_SEARCH_USER_PATHS = NO;
				CLANG_CXX_LANGUAGE_STANDARD = "gnu++0x";
				CLANG_CXX_LIBRARY = "libc++";
				CLANG_ENABLE_MODULES = YES;
				CLANG_ENABLE_OBJC_ARC = YES;
				CLANG_WARN_BOOL_CONVERSION = YES;
				CLANG_WARN_CONSTANT_CONVERSION = YES;
				CLANG_WARN_DIRECT_OBJC_ISA_USAGE = YES_ERROR;
				CLANG_WARN_EMPTY_BODY = YES;
				CLANG_WARN_ENUM_CONVERSION = YES;
				CLANG_WARN_INT_CONVERSION = YES;
				CLANG_WARN_OBJC_ROOT_CLASS = YES_ERROR;
				CLANG_WARN__DUPLICATE_METHOD_MATCH = YES;
				"CODE_SIGN_IDENTITY[sdk=iphoneos*]" = "iPhone Developer";
				COPY_PHASE_STRIP = YES;
				ENABLE_NS_ASSERTIONS = NO;
				GCC_C_LANGUAGE_STANDARD = gnu99;
				GCC_WARN_64_TO_32_BIT_CONVERSION = YES;
				GCC_WARN_ABOUT_RETURN_TYPE = YES_ERROR;
				GCC_WARN_UNDECLARED_SELECTOR = YES;
				GCC_WARN_UNINITIALIZED_AUTOS = YES_AGGRESSIVE;
				GCC_WARN_UNUSED_FUNCTION = YES;
				GCC_WARN_UNUSED_VARIABLE = YES;
				IPHONEOS_DEPLOYMENT_TARGET = 7.1;
				SDKROOT = iphoneos;
				TARGETED_DEVICE_FAMILY = "1,2";
				VALIDATE_PRODUCT = YES;
			};
			name = Release;
		};
		1A13FED7194E113A00CCBB4A /* Debug */ = {
			isa = XCBuildConfiguration;
			buildSettings = {
				ASSETCATALOG_COMPILER_APPICON_NAME = AppIcon;
				ASSETCATALOG_COMPILER_LAUNCHIMAGE_NAME = LaunchImage;
				GCC_PRECOMPILE_PREFIX_HEADER = YES;
				GCC_PREFIX_HEADER = "xibSample/xibSample-Prefix.pch";
				INFOPLIST_FILE = "xibSample/xibSample-Info.plist";
				PRODUCT_NAME = "$(TARGET_NAME)";
				WRAPPER_EXTENSION = app;
			};
			name = Debug;
		};
		1A13FED8194E113A00CCBB4A /* Release */ = {
			isa = XCBuildConfiguration;
			buildSettings = {
				ASSETCATALOG_COMPILER_APPICON_NAME = AppIcon;
				ASSETCATALOG_COMPILER_LAUNCHIMAGE_NAME = LaunchImage;
				GCC_PRECOMPILE_PREFIX_HEADER = YES;
				GCC_PREFIX_HEADER = "xibSample/xibSample-Prefix.pch";
				INFOPLIST_FILE = "xibSample/xibSample-Info.plist";
				PRODUCT_NAME = "$(TARGET_NAME)";
				WRAPPER_EXTENSION = app;
			};
			name = Release;
		};
		1A13FEDA194E113A00CCBB4A /* Debug */ = {
			isa = XCBuildConfiguration;
			buildSettings = {
				BUNDLE_LOADER = "$(BUILT_PRODUCTS_DIR)/xibSample.app/xibSample";
				FRAMEWORK_SEARCH_PATHS = (
					"$(SDKROOT)/Developer/Library/Frameworks",
					"$(inherited)",
					"$(DEVELOPER_FRAMEWORKS_DIR)",
				);
				GCC_PRECOMPILE_PREFIX_HEADER = YES;
				GCC_PREFIX_HEADER = "xibSample/xibSample-Prefix.pch";
				GCC_PREPROCESSOR_DEFINITIONS = (
					"DEBUG=1",
					"$(inherited)",
				);
				INFOPLIST_FILE = "xibSampleTests/xibSampleTests-Info.plist";
				PRODUCT_NAME = "$(TARGET_NAME)";
				TEST_HOST = "$(BUNDLE_LOADER)";
				WRAPPER_EXTENSION = xctest;
			};
			name = Debug;
		};
		1A13FEDB194E113A00CCBB4A /* Release */ = {
			isa = XCBuildConfiguration;
			buildSettings = {
				BUNDLE_LOADER = "$(BUILT_PRODUCTS_DIR)/xibSample.app/xibSample";
				FRAMEWORK_SEARCH_PATHS = (
					"$(SDKROOT)/Developer/Library/Frameworks",
					"$(inherited)",
					"$(DEVELOPER_FRAMEWORKS_DIR)",
				);
				GCC_PRECOMPILE_PREFIX_HEADER = YES;
				GCC_PREFIX_HEADER = "xibSample/xibSample-Prefix.pch";
				INFOPLIST_FILE = "xibSampleTests/xibSampleTests-Info.plist";
				PRODUCT_NAME = "$(TARGET_NAME)";
				TEST_HOST = "$(BUNDLE_LOADER)";
				WRAPPER_EXTENSION = xctest;
			};
			name = Release;
		};
/* End XCBuildConfiguration section */

/* Begin XCConfigurationList section */
		1A13FE9C194E113A00CCBB4A /* Build configuration list for PBXProject "xibSample" */ = {
			isa = XCConfigurationList;
			buildConfigurations = (
				1A13FED4194E113A00CCBB4A /* Debug */,
				1A13FED5194E113A00CCBB4A /* Release */,
			);
			defaultConfigurationIsVisible = 0;
			defaultConfigurationName = Release;
		};
		1A13FED6194E113A00CCBB4A /* Build configuration list for PBXNativeTarget "xibSample" */ = {
			isa = XCConfigurationList;
			buildConfigurations = (
				1A13FED7194E113A00CCBB4A /* Debug */,
				1A13FED8194E113A00CCBB4A /* Release */,
			);
			defaultConfigurationIsVisible = 0;
			defaultConfigurationName = Release;
		};
		1A13FED9194E113A00CCBB4A /* Build configuration list for PBXNativeTarget "xibSampleTests" */ = {
			isa = XCConfigurationList;
			buildConfigurations = (
				1A13FEDA194E113A00CCBB4A /* Debug */,
				1A13FEDB194E113A00CCBB4A /* Release */,
			);
			defaultConfigurationIsVisible = 0;
			defaultConfigurationName = Release;
		};
/* End XCConfigurationList section */
	};
	rootObject = 1A13FE99194E113A00CCBB4A /* Project object */;
}
